{
  "object": {
    "pins": [
      {
        "package": "SwiftPM",
        "repositoryURL": "https://github.com/apple/swift-package-manager.git",
        "state": {
          "branch": null,
          "revision": "235aacc514cb81a6881364b0fedcb3dd083228f3",
          "version": "0.3.0"
        }
      },
      {
        "package": "SwiftSyntax",
        "repositoryURL": "https://github.com/apple/swift-syntax",
        "state": {
          "branch": "swift-DEVELOPMENT-SNAPSHOT-2019-05-13-m",
          "revision": "d74527c44c1d468f4bf454bd3ad9b3bf55bde42a",
          "version": null
        }
      }
    ]
  },
  "version": 1
}
