{
  "object": {
    "pins": [
      {
        "package": "SwiftPM",
        "repositoryURL": "https://github.com/apple/swift-package-manager.git",
        "state": {
          "branch": null,
          "revision": "235aacc514cb81a6881364b0fedcb3dd083228f3",
          "version": "0.3.0"
        }
      },
      {
        "package": "SwiftSyntax",
        "repositoryURL": "https://github.com/apple/swift-syntax",
        "state": {
          "branch": "swift-DEVELOPMENT-SNAPSHOT-2019-05-30-m",
          "revision": "a23bf08c17409f5500d74caf526ed7a7a74c5d02",
          "version": null
        }
      }
    ]
  },
  "version": 1
}
